
Microsoft Visual Studio Solution File, Format Version 12.00
# Visual Studio Version 17
VisualStudioVersion = 17.14.36221.1
MinimumVisualStudioVersion = 10.0.40219.1
Project("{FAE04EC0-301F-11D3-BF4B-00C04F79EFBC}") = "Ecommerce", "Ecommerce\Ecommerce.csproj", "{375993C7-C7DD-4890-89C9-B3A1DCCE301D}"
EndProject
Project("{FAE04EC0-301F-11D3-BF4B-00C04F79EFBC}") = "DAL", "DAL\DAL.csproj", "{D3C5D7EB-147A-4DAC-B319-1906B57D2A07}"
EndProject
Project("{FAE04EC0-301F-11D3-BF4B-00C04F79EFBC}") = "Admin", "Admin\Admin.csproj", "{598F8A8C-C146-40CF-8E35-02651D4C01A6}"
EndProject
Global
	GlobalSection(SolutionConfigurationPlatforms) = preSolution
		Debug|Any CPU = Debug|Any CPU
		Release|Any CPU = Release|Any CPU
	EndGlobalSection
	GlobalSection(ProjectConfigurationPlatforms) = postSolution
		{375993C7-C7DD-4890-89C9-B3A1DCCE301D}.Debug|Any CPU.ActiveCfg = Debug|Any CPU
		{375993C7-C7DD-4890-89C9-B3A1DCCE301D}.Debug|Any CPU.Build.0 = Debug|Any CPU
		{375993C7-C7DD-4890-89C9-B3A1DCCE301D}.Release|Any CPU.ActiveCfg = Release|Any CPU
		{375993C7-C7DD-4890-89C9-B3A1DCCE301D}.Release|Any CPU.Build.0 = Release|Any CPU
		{D3C5D7EB-147A-4DAC-B319-1906B57D2A07}.Debug|Any CPU.ActiveCfg = Debug|Any CPU
		{D3C5D7EB-147A-4DAC-B319-1906B57D2A07}.Debug|Any CPU.Build.0 = Debug|Any CPU
		{D3C5D7EB-147A-4DAC-B319-1906B57D2A07}.Release|Any CPU.ActiveCfg = Release|Any CPU
		{D3C5D7EB-147A-4DAC-B319-1906B57D2A07}.Release|Any CPU.Build.0 = Release|Any CPU
		{598F8A8C-C146-40CF-8E35-02651D4C01A6}.Debug|Any CPU.ActiveCfg = Debug|Any CPU
		{598F8A8C-C146-40CF-8E35-02651D4C01A6}.Debug|Any CPU.Build.0 = Debug|Any CPU
		{598F8A8C-C146-40CF-8E35-02651D4C01A6}.Release|Any CPU.ActiveCfg = Release|Any CPU
		{598F8A8C-C146-40CF-8E35-02651D4C01A6}.Release|Any CPU.Build.0 = Release|Any CPU
	EndGlobalSection
	GlobalSection(SolutionProperties) = preSolution
		HideSolutionNode = FALSE
	EndGlobalSection
	GlobalSection(ExtensibilityGlobals) = postSolution
		SolutionGuid = {AD59B596-62CA-4FC7-9E0A-9E0378B72849}
	EndGlobalSection
EndGlobal
